
Microsoft Visual Studio Solution File, Format Version 12.00
# Visual Studio Version 16
VisualStudioVersion = 16.0.30717.126
MinimumVisualStudioVersion = 10.0.40219.1
Project("{2150E333-8FDC-42A3-9474-1A3956D46DE8}") = "src", "src", "{85C22A89-C70D-47C2-8374-DB02DC0828FD}"
EndProject
Project("{2150E333-8FDC-42A3-9474-1A3956D46DE8}") = "test", "test", "{D8EE7C2B-76F5-45A4-A104-43441DC9835B}"
EndProject
Project("{9A19103F-16F7-4668-BE54-9A1E7A4F7556}") = "RickAndMorty", "src\RickAndMorty\RickAndMorty.csproj", "{E96FD60D-A55A-47BA-AF66-3DDD27174413}"
EndProject
Project("{9A19103F-16F7-4668-BE54-9A1E7A4F7556}") = "RickAndMortyEngine", "src\RickAndMortyEngine\RickAndMortyEngine.csproj", "{6D76428C-6FFA-4C53-9913-DA26B2114020}"
EndProject
Project("{9A19103F-16F7-4668-BE54-9A1E7A4F7556}") = "RickAndMortyEngineDefault", "src\RickAndMortyEngineDefault\RickAndMortyEngineDefault.csproj", "{97D225FE-C940-48CE-B53F-869D767FF401}"
EndProject
Project("{9A19103F-16F7-4668-BE54-9A1E7A4F7556}") = "RickAndMortyTest", "test\RickAndMortyTest\RickAndMortyTest.csproj", "{6D33266C-30BD-483F-9BE3-217B50451466}"
EndProject
Project("{9A19103F-16F7-4668-BE54-9A1E7A4F7556}") = "RickAndMortyApiClient", "src\RickAndMortyApiClient\RickAndMortyApiClient.csproj", "{5CE02BDC-794B-4D99-8C9C-5D2327B0A0FC}"
EndProject
Project("{9A19103F-16F7-4668-BE54-9A1E7A4F7556}") = "RickAndMortyApiClientDefault", "src\RickAndMortyApiClientDefault\RickAndMortyApiClientDefault.csproj", "{07F14E69-B6CA-464F-B179-C85D0B7EFB7D}"
EndProject
Project("{2150E333-8FDC-42A3-9474-1A3956D46DE8}") = "03. Client", "03. Client", "{41FC68BD-EFF3-411D-B5D9-4FF8904AB947}"
EndProject
Project("{2150E333-8FDC-42A3-9474-1A3956D46DE8}") = "02. Engine", "02. Engine", "{F14D64A2-AA6A-4C25-8CDC-BAEE1ED32875}"
EndProject
Project("{2150E333-8FDC-42A3-9474-1A3956D46DE8}") = "01. Host", "01. Host", "{1EB016B9-EE3E-4273-A9C4-A7D96A9EAA02}"
EndProject
Project("{9A19103F-16F7-4668-BE54-9A1E7A4F7556}") = "RickAndMortyApiClientTest", "test\RickAndMortyApiClientTest\RickAndMortyApiClientTest.csproj", "{B63FE8EE-B4A9-4B85-9105-027A6086BC67}"
EndProject
Global
	GlobalSection(SolutionConfigurationPlatforms) = preSolution
		Debug|Any CPU = Debug|Any CPU
		Release|Any CPU = Release|Any CPU
	EndGlobalSection
	GlobalSection(ProjectConfigurationPlatforms) = postSolution
		{E96FD60D-A55A-47BA-AF66-3DDD27174413}.Debug|Any CPU.ActiveCfg = Debug|Any CPU
		{E96FD60D-A55A-47BA-AF66-3DDD27174413}.Debug|Any CPU.Build.0 = Debug|Any CPU
		{E96FD60D-A55A-47BA-AF66-3DDD27174413}.Release|Any CPU.ActiveCfg = Release|Any CPU
		{E96FD60D-A55A-47BA-AF66-3DDD27174413}.Release|Any CPU.Build.0 = Release|Any CPU
		{6D76428C-6FFA-4C53-9913-DA26B2114020}.Debug|Any CPU.ActiveCfg = Debug|Any CPU
		{6D76428C-6FFA-4C53-9913-DA26B2114020}.Debug|Any CPU.Build.0 = Debug|Any CPU
		{6D76428C-6FFA-4C53-9913-DA26B2114020}.Release|Any CPU.ActiveCfg = Release|Any CPU
		{6D76428C-6FFA-4C53-9913-DA26B2114020}.Release|Any CPU.Build.0 = Release|Any CPU
		{97D225FE-C940-48CE-B53F-869D767FF401}.Debug|Any CPU.ActiveCfg = Debug|Any CPU
		{97D225FE-C940-48CE-B53F-869D767FF401}.Debug|Any CPU.Build.0 = Debug|Any CPU
		{97D225FE-C940-48CE-B53F-869D767FF401}.Release|Any CPU.ActiveCfg = Release|Any CPU
		{97D225FE-C940-48CE-B53F-869D767FF401}.Release|Any CPU.Build.0 = Release|Any CPU
		{6D33266C-30BD-483F-9BE3-217B50451466}.Debug|Any CPU.ActiveCfg = Debug|Any CPU
		{6D33266C-30BD-483F-9BE3-217B50451466}.Debug|Any CPU.Build.0 = Debug|Any CPU
		{6D33266C-30BD-483F-9BE3-217B50451466}.Release|Any CPU.ActiveCfg = Release|Any CPU
		{6D33266C-30BD-483F-9BE3-217B50451466}.Release|Any CPU.Build.0 = Release|Any CPU
		{5CE02BDC-794B-4D99-8C9C-5D2327B0A0FC}.Debug|Any CPU.ActiveCfg = Debug|Any CPU
		{5CE02BDC-794B-4D99-8C9C-5D2327B0A0FC}.Debug|Any CPU.Build.0 = Debug|Any CPU
		{5CE02BDC-794B-4D99-8C9C-5D2327B0A0FC}.Release|Any CPU.ActiveCfg = Release|Any CPU
		{5CE02BDC-794B-4D99-8C9C-5D2327B0A0FC}.Release|Any CPU.Build.0 = Release|Any CPU
		{07F14E69-B6CA-464F-B179-C85D0B7EFB7D}.Debug|Any CPU.ActiveCfg = Debug|Any CPU
		{07F14E69-B6CA-464F-B179-C85D0B7EFB7D}.Debug|Any CPU.Build.0 = Debug|Any CPU
		{07F14E69-B6CA-464F-B179-C85D0B7EFB7D}.Release|Any CPU.ActiveCfg = Release|Any CPU
		{07F14E69-B6CA-464F-B179-C85D0B7EFB7D}.Release|Any CPU.Build.0 = Release|Any CPU
		{B63FE8EE-B4A9-4B85-9105-027A6086BC67}.Debug|Any CPU.ActiveCfg = Debug|Any CPU
		{B63FE8EE-B4A9-4B85-9105-027A6086BC67}.Debug|Any CPU.Build.0 = Debug|Any CPU
		{B63FE8EE-B4A9-4B85-9105-027A6086BC67}.Release|Any CPU.ActiveCfg = Release|Any CPU
		{B63FE8EE-B4A9-4B85-9105-027A6086BC67}.Release|Any CPU.Build.0 = Release|Any CPU
	EndGlobalSection
	GlobalSection(SolutionProperties) = preSolution
		HideSolutionNode = FALSE
	EndGlobalSection
	GlobalSection(NestedProjects) = preSolution
		{E96FD60D-A55A-47BA-AF66-3DDD27174413} = {1EB016B9-EE3E-4273-A9C4-A7D96A9EAA02}
		{6D76428C-6FFA-4C53-9913-DA26B2114020} = {F14D64A2-AA6A-4C25-8CDC-BAEE1ED32875}
		{97D225FE-C940-48CE-B53F-869D767FF401} = {F14D64A2-AA6A-4C25-8CDC-BAEE1ED32875}
		{6D33266C-30BD-483F-9BE3-217B50451466} = {D8EE7C2B-76F5-45A4-A104-43441DC9835B}
		{5CE02BDC-794B-4D99-8C9C-5D2327B0A0FC} = {41FC68BD-EFF3-411D-B5D9-4FF8904AB947}
		{07F14E69-B6CA-464F-B179-C85D0B7EFB7D} = {41FC68BD-EFF3-411D-B5D9-4FF8904AB947}
		{41FC68BD-EFF3-411D-B5D9-4FF8904AB947} = {85C22A89-C70D-47C2-8374-DB02DC0828FD}
		{F14D64A2-AA6A-4C25-8CDC-BAEE1ED32875} = {85C22A89-C70D-47C2-8374-DB02DC0828FD}
		{1EB016B9-EE3E-4273-A9C4-A7D96A9EAA02} = {85C22A89-C70D-47C2-8374-DB02DC0828FD}
		{B63FE8EE-B4A9-4B85-9105-027A6086BC67} = {D8EE7C2B-76F5-45A4-A104-43441DC9835B}
	EndGlobalSection
	GlobalSection(ExtensibilityGlobals) = postSolution
		SolutionGuid = {0F098091-1B58-4E1C-A17F-CDBFD850B0AC}
	EndGlobalSection
EndGlobal
